
Microsoft Visual Studio Solution File, Format Version 11.00
# Visual Studio 2010
Project("{8BC9CEB8-8B4A-11D0-8D11-00A0C91BC942}") = "ActivityRecognitionDesktop", "ActivityRecognitionDesktop\ActivityRecognitionDesktop.vcxproj", "{DACB523F-9B7A-481B-86E6-FC9C3681583D}"
EndProject
Project("{8BC9CEB8-8B4A-11D0-8D11-00A0C91BC942}") = "KeyMouseHookDLL", "KeyMouseHookDLL\KeyMouseHookDLL.vcxproj", "{3226191A-C1C4-41C0-B61F-3751484CA9E7}"
EndProject
Global
	GlobalSection(SolutionConfigurationPlatforms) = preSolution
		Debug|Win32 = Debug|Win32
		Debug|x64 = Debug|x64
		Release|Win32 = Release|Win32
		Release|x64 = Release|x64
	EndGlobalSection
	GlobalSection(ProjectConfigurationPlatforms) = postSolution
		{DACB523F-9B7A-481B-86E6-FC9C3681583D}.Debug|Win32.ActiveCfg = Debug|Win32
		{DACB523F-9B7A-481B-86E6-FC9C3681583D}.Debug|Win32.Build.0 = Debug|Win32
		{DACB523F-9B7A-481B-86E6-FC9C3681583D}.Debug|x64.ActiveCfg = Debug|x64
		{DACB523F-9B7A-481B-86E6-FC9C3681583D}.Debug|x64.Build.0 = Debug|x64
		{DACB523F-9B7A-481B-86E6-FC9C3681583D}.Release|Win32.ActiveCfg = Release|Win32
		{DACB523F-9B7A-481B-86E6-FC9C3681583D}.Release|Win32.Build.0 = Release|Win32
		{DACB523F-9B7A-481B-86E6-FC9C3681583D}.Release|x64.ActiveCfg = Release|x64
		{DACB523F-9B7A-481B-86E6-FC9C3681583D}.Release|x64.Build.0 = Release|x64
		{3226191A-C1C4-41C0-B61F-3751484CA9E7}.Debug|Win32.ActiveCfg = Debug|Win32
		{3226191A-C1C4-41C0-B61F-3751484CA9E7}.Debug|Win32.Build.0 = Debug|Win32
		{3226191A-C1C4-41C0-B61F-3751484CA9E7}.Debug|x64.ActiveCfg = Debug|x64
		{3226191A-C1C4-41C0-B61F-3751484CA9E7}.Release|Win32.ActiveCfg = Release|Win32
		{3226191A-C1C4-41C0-B61F-3751484CA9E7}.Release|Win32.Build.0 = Release|Win32
		{3226191A-C1C4-41C0-B61F-3751484CA9E7}.Release|x64.ActiveCfg = Release|Win32
	EndGlobalSection
	GlobalSection(SolutionProperties) = preSolution
		HideSolutionNode = FALSE
	EndGlobalSection
EndGlobal
